
Microsoft Visual Studio Solution File, Format Version 12.00
# Visual Studio Version 16
VisualStudioVersion = 16.0.33529.622
MinimumVisualStudioVersion = 10.0.40219.1
Project("{FAE04EC0-301F-11D3-BF4B-00C04F79EFBC}") = "Praktika2012", "Praktika2012\Praktika2012.csproj", "{FE6D57B4-8DC2-464C-BA1D-5A07AEC422CE}"
EndProject
Global
	GlobalSection(SolutionConfigurationPlatforms) = preSolution
		Debug|Any CPU = Debug|Any CPU
		Release|Any CPU = Release|Any CPU
	EndGlobalSection
	GlobalSection(ProjectConfigurationPlatforms) = postSolution
		{FE6D57B4-8DC2-464C-BA1D-5A07AEC422CE}.Debug|Any CPU.ActiveCfg = Debug|Any CPU
		{FE6D57B4-8DC2-464C-BA1D-5A07AEC422CE}.Debug|Any CPU.Build.0 = Debug|Any CPU
		{FE6D57B4-8DC2-464C-BA1D-5A07AEC422CE}.Release|Any CPU.ActiveCfg = Release|Any CPU
		{FE6D57B4-8DC2-464C-BA1D-5A07AEC422CE}.Release|Any CPU.Build.0 = Release|Any CPU
	EndGlobalSection
	GlobalSection(SolutionProperties) = preSolution
		HideSolutionNode = FALSE
	EndGlobalSection
	GlobalSection(ExtensibilityGlobals) = postSolution
		SolutionGuid = {DFC3E2AB-8F1F-4E25-91CD-E170550C5B44}
	EndGlobalSection
EndGlobal
